hash: 836d9020d1bcf49bce9efc687436455ef101fcdfcd8bc3cc5cc5829c35839df2
updated: 2017-06-24T14:33:27.831439345+02:00
imports:
- name: github.com/rafaeljesus/retry-go
  version: 3bbade4f4fab0cf8e41928da5869760c17a037db
- name: github.com/rubyist/circuitbreaker
  version: 7e3e7fbe9c62b943d487af023566a79d9eb22d3b
- name: github.com/sony/gobreaker
  version: e9556a45379ef1da12e54847edb2fb3d7d566f36
- name: github.com/streadway/amqp
  version: 27859d32540aebd2e5befa52dc59ae8e6a0132b6
testImports: []
