hash: ed2f29b2f1601b2601499ba66f0bf79d11d915614403a9c9d3a3ae09abc488a2
updated: 2017-06-09T18:22:04.707264225+02:00
imports:
- name: github.com/rubyist/circuitbreaker
  version: 7e3e7fbe9c62b943d487af023566a79d9eb22d3b
- name: github.com/streadway/amqp
  version: dfe15e36048539f4cda41f240b27a5ca25b9cd46
testImports: []
