# This file is autogenerated, do not edit; changes may be undone by the next 'dep ensure'.


[[projects]]
  branch = "master"
  name = "github.com/rafaeljesus/retry-go"
  packages = ["."]
  revision = "3bbade4f4fab0cf8e41928da5869760c17a037db"

[[projects]]
  name = "github.com/sony/gobreaker"
  packages = ["."]
  revision = "e9556a45379ef1da12e54847edb2fb3d7d566f36"
  version = "0.3.0"

[[projects]]
  branch = "master"
  name = "github.com/streadway/amqp"
  packages = ["."]
  revision = "ff791c2d22d3f1588b4e2cc71a9fba5e1da90654"

[solve-meta]
  analyzer-name = "dep"
  analyzer-version = 1
  inputs-digest = "5cc4ba9bb3fe8b480c05e9186b2d02a9846d92a8cabd8d2ee642fdb6969ad173"
  solver-name = "gps-cdcl"
  solver-version = 1
